
Microsoft Visual Studio Solution File, Format Version 12.00
# Visual Studio Version 17
VisualStudioVersion = 17.11.35327.3
MinimumVisualStudioVersion = 10.0.40219.1
Project("{FAE04EC0-301F-11D3-BF4B-00C04F79EFBC}") = "Malshinon", "Malshinon\Malshinon.csproj", "{F37115F0-04A4-42B5-B4C1-6DB923226543}"
EndProject
Global
	GlobalSection(SolutionConfigurationPlatforms) = preSolution
		Debug|Any CPU = Debug|Any CPU
		Release|Any CPU = Release|Any CPU
	EndGlobalSection
	GlobalSection(ProjectConfigurationPlatforms) = postSolution
		{F37115F0-04A4-42B5-B4C1-6DB923226543}.Debug|Any CPU.ActiveCfg = Debug|Any CPU
		{F37115F0-04A4-42B5-B4C1-6DB923226543}.Debug|Any CPU.Build.0 = Debug|Any CPU
		{F37115F0-04A4-42B5-B4C1-6DB923226543}.Release|Any CPU.ActiveCfg = Release|Any CPU
		{F37115F0-04A4-42B5-B4C1-6DB923226543}.Release|Any CPU.Build.0 = Release|Any CPU
	EndGlobalSection
	GlobalSection(SolutionProperties) = preSolution
		HideSolutionNode = FALSE
	EndGlobalSection
	GlobalSection(ExtensibilityGlobals) = postSolution
		SolutionGuid = {AB1D760C-594B-4215-9943-0DC987B6514D}
	EndGlobalSection
EndGlobal
